// !$*UTF8*$!
{
	archiveVersion = 1;
	classes = {
	};
	objectVersion = 46;
	objects = {

/* Begin PBXBuildFile section */
		45029517198A618F00279691 /* PhotoCollectionViewController.m in Sources */ = {isa = PBXBuildFile; fileRef = 45029516198A618F00279691 /* PhotoCollectionViewController.m */; };
		45029522198A979D00279691 /* mysnap-icon-29pt.png in Resources */ = {isa = PBXBuildFile; fileRef = 4502951F198A979D00279691 /* mysnap-icon-29pt.png */; };
		45029523198A979D00279691 /* mysnap-icon-40pt.png in Resources */ = {isa = PBXBuildFile; fileRef = 45029520198A979D00279691 /* mysnap-icon-40pt.png */; };
		45029524198A979D00279691 /* mysnap-icon-60pt.png in Resources */ = {isa = PBXBuildFile; fileRef = 45029521198A979D00279691 /* mysnap-icon-60pt.png */; };
		45029526198AA10000279691 /* polaroid@2x.png in Resources */ = {isa = PBXBuildFile; fileRef = 45029525198AA10000279691 /* polaroid@2x.png */; };
		4502952C198AC6B600279691 /* nav_bg@2x.png in Resources */ = {isa = PBXBuildFile; fileRef = 4502952B198AC6B600279691 /* nav_bg@2x.png */; };
		4502952F198AD75400279691 /* mysnaps-splashscreen_@2x.png in Resources */ = {isa = PBXBuildFile; fileRef = 4502952D198AD75400279691 /* mysnaps-splashscreen_@2x.png */; };
		45029530198AD75400279691 /* mysnaps-splashscreen_r4.png in Resources */ = {isa = PBXBuildFile; fileRef = 4502952E198AD75400279691 /* mysnaps-splashscreen_r4.png */; };
		45449872197C51BC00548FF1 /* Foundation.framework in Frameworks */ = {isa = PBXBuildFile; fileRef = 45449871197C51BC00548FF1 /* Foundation.framework */; };
		45449874197C51BC00548FF1 /* CoreGraphics.framework in Frameworks */ = {isa = PBXBuildFile; fileRef = 45449873197C51BC00548FF1 /* CoreGraphics.framework */; };
		45449876197C51BC00548FF1 /* UIKit.framework in Frameworks */ = {isa = PBXBuildFile; fileRef = 45449875197C51BC00548FF1 /* UIKit.framework */; };
		45449878197C51BC00548FF1 /* CoreData.framework in Frameworks */ = {isa = PBXBuildFile; fileRef = 45449877197C51BC00548FF1 /* CoreData.framework */; };
		4544987E197C51BC00548FF1 /* InfoPlist.strings in Resources */ = {isa = PBXBuildFile; fileRef = 4544987C197C51BC00548FF1 /* InfoPlist.strings */; };
		45449880197C51BC00548FF1 /* main.m in Sources */ = {isa = PBXBuildFile; fileRef = 4544987F197C51BC00548FF1 /* main.m */; };
		45449884197C51BC00548FF1 /* AppDelegate.m in Sources */ = {isa = PBXBuildFile; fileRef = 45449883197C51BC00548FF1 /* AppDelegate.m */; };
		45449889197C51BC00548FF1 /* Images.xcassets in Resources */ = {isa = PBXBuildFile; fileRef = 45449888197C51BC00548FF1 /* Images.xcassets */; };
		45449890197C51BC00548FF1 /* XCTest.framework in Frameworks */ = {isa = PBXBuildFile; fileRef = 4544988F197C51BC00548FF1 /* XCTest.framework */; };
		45449891197C51BC00548FF1 /* Foundation.framework in Frameworks */ = {isa = PBXBuildFile; fileRef = 45449871197C51BC00548FF1 /* Foundation.framework */; };
		45449892197C51BC00548FF1 /* UIKit.framework in Frameworks */ = {isa = PBXBuildFile; fileRef = 45449875197C51BC00548FF1 /* UIKit.framework */; };
		45449893197C51BC00548FF1 /* CoreData.framework in Frameworks */ = {isa = PBXBuildFile; fileRef = 45449877197C51BC00548FF1 /* CoreData.framework */; };
		4544989B197C51BC00548FF1 /* InfoPlist.strings in Resources */ = {isa = PBXBuildFile; fileRef = 45449899197C51BC00548FF1 /* InfoPlist.strings */; };
		4544989D197C51BC00548FF1 /* Your_SnapsTests.m in Sources */ = {isa = PBXBuildFile; fileRef = 4544989C197C51BC00548FF1 /* Your_SnapsTests.m */; };
		454498A7197C51D200548FF1 /* Storyboard.storyboard in Resources */ = {isa = PBXBuildFile; fileRef = 454498A6197C51D200548FF1 /* Storyboard.storyboard */; };
		454498B5197C626E00548FF1 /* CoreDataHelper.m in Sources */ = {isa = PBXBuildFile; fileRef = 454498B4197C626E00548FF1 /* CoreDataHelper.m */; };
		454498BA197C628200548FF1 /* PhotoCollectionViewCell.m in Sources */ = {isa = PBXBuildFile; fileRef = 454498B9197C628200548FF1 /* PhotoCollectionViewCell.m */; };
		454498BD197C633100548FF1 /* PictureDataTransformer.m in Sources */ = {isa = PBXBuildFile; fileRef = 454498BC197C633100548FF1 /* PictureDataTransformer.m */; };
		454498C3197C636600548FF1 /* PhotoDetailViewController.m in Sources */ = {isa = PBXBuildFile; fileRef = 454498C2197C636600548FF1 /* PhotoDetailViewController.m */; };
		454498C8197C649900548FF1 /* Your_Snaps.xcdatamodeld in Sources */ = {isa = PBXBuildFile; fileRef = 454498C6197C649900548FF1 /* Your_Snaps.xcdatamodeld */; };
		45966D4619893FCC00379B60 /* MessageUI.framework in Frameworks */ = {isa = PBXBuildFile; fileRef = 45966D4519893FCC00379B60 /* MessageUI.framework */; };
		45966D4819893FE600379B60 /* QuartzCore.framework in Frameworks */ = {isa = PBXBuildFile; fileRef = 45966D4719893FE600379B60 /* QuartzCore.framework */; };
		45966D4A19893FF600379B60 /* AssetsLibrary.framework in Frameworks */ = {isa = PBXBuildFile; fileRef = 45966D4919893FF600379B60 /* AssetsLibrary.framework */; };
		45966D4C19893FFF00379B60 /* ImageIO.framework in Frameworks */ = {isa = PBXBuildFile; fileRef = 45966D4B19893FFF00379B60 /* ImageIO.framework */; };
		45DC20171980152A004E2F88 /* AlbumCollectionViewController.m in Sources */ = {isa = PBXBuildFile; fileRef = 45DC20161980152A004E2F88 /* AlbumCollectionViewController.m */; };
		45DC20251980725E004E2F88 /* Photo.m in Sources */ = {isa = PBXBuildFile; fileRef = 45DC20241980725E004E2F88 /* Photo.m */; };
		45DC20281980725E004E2F88 /* Album.m in Sources */ = {isa = PBXBuildFile; fileRef = 45DC20271980725E004E2F88 /* Album.m */; };
		9776B9237E0F44DABE2945BE /* libPods.a in Frameworks */ = {isa = PBXBuildFile; fileRef = 5F31E3E0D09740A796EB3784 /* libPods.a */; };
/* End PBXBuildFile section */

/* Begin PBXContainerItemProxy section */
		45449894197C51BC00548FF1 /* PBXContainerItemProxy */ = {
			isa = PBXContainerItemProxy;
			containerPortal = 45449866197C51BC00548FF1 /* Project object */;
			proxyType = 1;
			remoteGlobalIDString = 4544986D197C51BC00548FF1;
			remoteInfo = "Your Snaps";
		};
/* End PBXContainerItemProxy section */

/* Begin PBXFileReference section */
		45029515198A618F00279691 /* PhotoCollectionViewController.h */ = {isa = PBXFileReference; fileEncoding = 4; lastKnownFileType = sourcecode.c.h; path = PhotoCollectionViewController.h; sourceTree = "<group>"; };
		45029516198A618F00279691 /* PhotoCollectionViewController.m */ = {isa = PBXFileReference; fileEncoding = 4; lastKnownFileType = sourcecode.c.objc; path = PhotoCollectionViewController.m; sourceTree = "<group>"; };
		4502951F198A979D00279691 /* mysnap-icon-29pt.png */ = {isa = PBXFileReference; lastKnownFileType = image.png; path = "mysnap-icon-29pt.png"; sourceTree = "<group>"; };
		45029520198A979D00279691 /* mysnap-icon-40pt.png */ = {isa = PBXFileReference; lastKnownFileType = image.png; path = "mysnap-icon-40pt.png"; sourceTree = "<group>"; };
		45029521198A979D00279691 /* mysnap-icon-60pt.png */ = {isa = PBXFileReference; lastKnownFileType = image.png; path = "mysnap-icon-60pt.png"; sourceTree = "<group>"; };
		45029525198AA10000279691 /* polaroid@2x.png */ = {isa = PBXFileReference; lastKnownFileType = image.png; path = "polaroid@2x.png"; sourceTree = "<group>"; };
		4502952B198AC6B600279691 /* nav_bg@2x.png */ = {isa = PBXFileReference; lastKnownFileType = image.png; path = "nav_bg@2x.png"; sourceTree = "<group>"; };
		4502952D198AD75400279691 /* mysnaps-splashscreen_@2x.png */ = {isa = PBXFileReference; lastKnownFileType = image.png; path = "mysnaps-splashscreen_@2x.png"; sourceTree = "<group>"; };
		4502952E198AD75400279691 /* mysnaps-splashscreen_r4.png */ = {isa = PBXFileReference; lastKnownFileType = image.png; path = "mysnaps-splashscreen_r4.png"; sourceTree = "<group>"; };
		4544986E197C51BC00548FF1 /* MySnaps.app */ = {isa = PBXFileReference; explicitFileType = wrapper.application; includeInIndex = 0; path = MySnaps.app; sourceTree = BUILT_PRODUCTS_DIR; };
		45449871197C51BC00548FF1 /* Foundation.framework */ = {isa = PBXFileReference; lastKnownFileType = wrapper.framework; name = Foundation.framework; path = System/Library/Frameworks/Foundation.framework; sourceTree = SDKROOT; };
		45449873197C51BC00548FF1 /* CoreGraphics.framework */ = {isa = PBXFileReference; lastKnownFileType = wrapper.framework; name = CoreGraphics.framework; path = System/Library/Frameworks/CoreGraphics.framework; sourceTree = SDKROOT; };
		45449875197C51BC00548FF1 /* UIKit.framework */ = {isa = PBXFileReference; lastKnownFileType = wrapper.framework; name = UIKit.framework; path = System/Library/Frameworks/UIKit.framework; sourceTree = SDKROOT; };
		45449877197C51BC00548FF1 /* CoreData.framework */ = {isa = PBXFileReference; lastKnownFileType = wrapper.framework; name = CoreData.framework; path = System/Library/Frameworks/CoreData.framework; sourceTree = SDKROOT; };
		4544987B197C51BC00548FF1 /* MySnaps-Info.plist */ = {isa = PBXFileReference; lastKnownFileType = text.plist.xml; path = "MySnaps-Info.plist"; sourceTree = "<group>"; };
		4544987D197C51BC00548FF1 /* en */ = {isa = PBXFileReference; lastKnownFileType = text.plist.strings; name = en; path = en.lproj/InfoPlist.strings; sourceTree = "<group>"; };
		4544987F197C51BC00548FF1 /* main.m */ = {isa = PBXFileReference; lastKnownFileType = sourcecode.c.objc; path = main.m; sourceTree = "<group>"; };
		45449881197C51BC00548FF1 /* MySnaps-Prefix.pch */ = {isa = PBXFileReference; lastKnownFileType = sourcecode.c.h; path = "MySnaps-Prefix.pch"; sourceTree = "<group>"; };
		45449882197C51BC00548FF1 /* AppDelegate.h */ = {isa = PBXFileReference; lastKnownFileType = sourcecode.c.h; path = AppDelegate.h; sourceTree = "<group>"; };
		45449883197C51BC00548FF1 /* AppDelegate.m */ = {isa = PBXFileReference; lastKnownFileType = sourcecode.c.objc; path = AppDelegate.m; sourceTree = "<group>"; };
		45449888197C51BC00548FF1 /* Images.xcassets */ = {isa = PBXFileReference; lastKnownFileType = folder.assetcatalog; path = Images.xcassets; sourceTree = "<group>"; };
		4544988E197C51BC00548FF1 /* MySnapsTests.xctest */ = {isa = PBXFileReference; explicitFileType = wrapper.cfbundle; includeInIndex = 0; path = MySnapsTests.xctest; sourceTree = BUILT_PRODUCTS_DIR; };
		4544988F197C51BC00548FF1 /* XCTest.framework */ = {isa = PBXFileReference; lastKnownFileType = wrapper.framework; name = XCTest.framework; path = Library/Frameworks/XCTest.framework; sourceTree = DEVELOPER_DIR; };
		45449898197C51BC00548FF1 /* MySnapsTests-Info.plist */ = {isa = PBXFileReference; lastKnownFileType = text.plist.xml; path = "MySnapsTests-Info.plist"; sourceTree = "<group>"; };
		4544989A197C51BC00548FF1 /* en */ = {isa = PBXFileReference; lastKnownFileType = text.plist.strings; name = en; path = en.lproj/InfoPlist.strings; sourceTree = "<group>"; };
		4544989C197C51BC00548FF1 /* Your_SnapsTests.m */ = {isa = PBXFileReference; lastKnownFileType = sourcecode.c.objc; path = Your_SnapsTests.m; sourceTree = "<group>"; };
		454498A6197C51D200548FF1 /* Storyboard.storyboard */ = {isa = PBXFileReference; fileEncoding = 4; lastKnownFileType = file.storyboard; path = Storyboard.storyboard; sourceTree = "<group>"; };
		454498B2197C625D00548FF1 /* CoreDataHelper.h */ = {isa = PBXFileReference; lastKnownFileType = sourcecode.c.h; path = CoreDataHelper.h; sourceTree = "<group>"; };
		454498B3197C625D00548FF1 /* PhotoCollectionViewCell.h */ = {isa = PBXFileReference; lastKnownFileType = sourcecode.c.h; path = PhotoCollectionViewCell.h; sourceTree = "<group>"; };
		454498B4197C626E00548FF1 /* CoreDataHelper.m */ = {isa = PBXFileReference; fileEncoding = 4; lastKnownFileType = sourcecode.c.objc; path = CoreDataHelper.m; sourceTree = "<group>"; };
		454498B9197C628200548FF1 /* PhotoCollectionViewCell.m */ = {isa = PBXFileReference; fileEncoding = 4; lastKnownFileType = sourcecode.c.objc; path = PhotoCollectionViewCell.m; sourceTree = "<group>"; };
		454498BB197C633100548FF1 /* PictureDataTransformer.h */ = {isa = PBXFileReference; fileEncoding = 4; lastKnownFileType = sourcecode.c.h; path = PictureDataTransformer.h; sourceTree = "<group>"; };
		454498BC197C633100548FF1 /* PictureDataTransformer.m */ = {isa = PBXFileReference; fileEncoding = 4; lastKnownFileType = sourcecode.c.objc; path = PictureDataTransformer.m; sourceTree = "<group>"; };
		454498C1197C636600548FF1 /* PhotoDetailViewController.h */ = {isa = PBXFileReference; fileEncoding = 4; lastKnownFileType = sourcecode.c.h; path = PhotoDetailViewController.h; sourceTree = "<group>"; };
		454498C2197C636600548FF1 /* PhotoDetailViewController.m */ = {isa = PBXFileReference; fileEncoding = 4; lastKnownFileType = sourcecode.c.objc; path = PhotoDetailViewController.m; sourceTree = "<group>"; };
		454498C7197C649900548FF1 /* Your_Snaps.xcdatamodel */ = {isa = PBXFileReference; lastKnownFileType = wrapper.xcdatamodel; path = Your_Snaps.xcdatamodel; sourceTree = "<group>"; };
		45966D4519893FCC00379B60 /* MessageUI.framework */ = {isa = PBXFileReference; lastKnownFileType = wrapper.framework; name = MessageUI.framework; path = System/Library/Frameworks/MessageUI.framework; sourceTree = SDKROOT; };
		45966D4719893FE600379B60 /* QuartzCore.framework */ = {isa = PBXFileReference; lastKnownFileType = wrapper.framework; name = QuartzCore.framework; path = System/Library/Frameworks/QuartzCore.framework; sourceTree = SDKROOT; };
		45966D4919893FF600379B60 /* AssetsLibrary.framework */ = {isa = PBXFileReference; lastKnownFileType = wrapper.framework; name = AssetsLibrary.framework; path = System/Library/Frameworks/AssetsLibrary.framework; sourceTree = SDKROOT; };
		45966D4B19893FFF00379B60 /* ImageIO.framework */ = {isa = PBXFileReference; lastKnownFileType = wrapper.framework; name = ImageIO.framework; path = System/Library/Frameworks/ImageIO.framework; sourceTree = SDKROOT; };
		45DC20151980152A004E2F88 /* AlbumCollectionViewController.h */ = {isa = PBXFileReference; fileEncoding = 4; lastKnownFileType = sourcecode.c.h; path = AlbumCollectionViewController.h; sourceTree = "<group>"; };
		45DC20161980152A004E2F88 /* AlbumCollectionViewController.m */ = {isa = PBXFileReference; fileEncoding = 4; lastKnownFileType = sourcecode.c.objc; path = AlbumCollectionViewController.m; sourceTree = "<group>"; };
		45DC20231980725E004E2F88 /* Photo.h */ = {isa = PBXFileReference; fileEncoding = 4; lastKnownFileType = sourcecode.c.h; name = Photo.h; path = ../Photo.h; sourceTree = "<group>"; };
		45DC20241980725E004E2F88 /* Photo.m */ = {isa = PBXFileReference; fileEncoding = 4; lastKnownFileType = sourcecode.c.objc; name = Photo.m; path = ../Photo.m; sourceTree = "<group>"; };
		45DC20261980725E004E2F88 /* Album.h */ = {isa = PBXFileReference; fileEncoding = 4; lastKnownFileType = sourcecode.c.h; name = Album.h; path = ../Album.h; sourceTree = "<group>"; };
		45DC20271980725E004E2F88 /* Album.m */ = {isa = PBXFileReference; fileEncoding = 4; lastKnownFileType = sourcecode.c.objc; name = Album.m; path = ../Album.m; sourceTree = "<group>"; };
		5F31E3E0D09740A796EB3784 /* libPods.a */ = {isa = PBXFileReference; explicitFileType = archive.ar; includeInIndex = 0; path = libPods.a; sourceTree = BUILT_PRODUCTS_DIR; };
		9504C1E7584F4EC4A756BE8E /* Pods.xcconfig */ = {isa = PBXFileReference; includeInIndex = 1; lastKnownFileType = text.xcconfig; name = Pods.xcconfig; path = Pods/Pods.xcconfig; sourceTree = "<group>"; };
/* End PBXFileReference section */

/* Begin PBXFrameworksBuildPhase section */
		4544986B197C51BC00548FF1 /* Frameworks */ = {
			isa = PBXFrameworksBuildPhase;
			buildActionMask = 2147483647;
			files = (
				45966D4C19893FFF00379B60 /* ImageIO.framework in Frameworks */,
				45966D4A19893FF600379B60 /* AssetsLibrary.framework in Frameworks */,
				45966D4819893FE600379B60 /* QuartzCore.framework in Frameworks */,
				45966D4619893FCC00379B60 /* MessageUI.framework in Frameworks */,
				45449874197C51BC00548FF1 /* CoreGraphics.framework in Frameworks */,
				45449878197C51BC00548FF1 /* CoreData.framework in Frameworks */,
				45449876197C51BC00548FF1 /* UIKit.framework in Frameworks */,
				45449872197C51BC00548FF1 /* Foundation.framework in Frameworks */,
				9776B9237E0F44DABE2945BE /* libPods.a in Frameworks */,
			);
			runOnlyForDeploymentPostprocessing = 0;
		};
		4544988B197C51BC00548FF1 /* Frameworks */ = {
			isa = PBXFrameworksBuildPhase;
			buildActionMask = 2147483647;
			files = (
				45449890197C51BC00548FF1 /* XCTest.framework in Frameworks */,
				45449893197C51BC00548FF1 /* CoreData.framework in Frameworks */,
				45449892197C51BC00548FF1 /* UIKit.framework in Frameworks */,
				45449891197C51BC00548FF1 /* Foundation.framework in Frameworks */,
			);
			runOnlyForDeploymentPostprocessing = 0;
		};
/* End PBXFrameworksBuildPhase section */

/* Begin PBXGroup section */
		45029518198A8D7500279691 /* images */ = {
			isa = PBXGroup;
			children = (
				4502952D198AD75400279691 /* mysnaps-splashscreen_@2x.png */,
				4502952E198AD75400279691 /* mysnaps-splashscreen_r4.png */,
				4502952B198AC6B600279691 /* nav_bg@2x.png */,
				45029525198AA10000279691 /* polaroid@2x.png */,
				4502951F198A979D00279691 /* mysnap-icon-29pt.png */,
				45029520198A979D00279691 /* mysnap-icon-40pt.png */,
				45029521198A979D00279691 /* mysnap-icon-60pt.png */,
			);
			name = images;
			sourceTree = "<group>";
		};
		45449865197C51BC00548FF1 = {
			isa = PBXGroup;
			children = (
				45449879197C51BC00548FF1 /* MySnaps */,
				45449896197C51BC00548FF1 /* Your SnapsTests */,
				45449870197C51BC00548FF1 /* Frameworks */,
				4544986F197C51BC00548FF1 /* Products */,
				9504C1E7584F4EC4A756BE8E /* Pods.xcconfig */,
			);
			sourceTree = "<group>";
		};
		4544986F197C51BC00548FF1 /* Products */ = {
			isa = PBXGroup;
			children = (
				4544986E197C51BC00548FF1 /* MySnaps.app */,
				4544988E197C51BC00548FF1 /* MySnapsTests.xctest */,
			);
			name = Products;
			sourceTree = "<group>";
		};
		45449870197C51BC00548FF1 /* Frameworks */ = {
			isa = PBXGroup;
			children = (
				45966D4B19893FFF00379B60 /* ImageIO.framework */,
				45966D4919893FF600379B60 /* AssetsLibrary.framework */,
				45966D4719893FE600379B60 /* QuartzCore.framework */,
				45966D4519893FCC00379B60 /* MessageUI.framework */,
				45449871197C51BC00548FF1 /* Foundation.framework */,
				45449873197C51BC00548FF1 /* CoreGraphics.framework */,
				45449875197C51BC00548FF1 /* UIKit.framework */,
				45449877197C51BC00548FF1 /* CoreData.framework */,
				4544988F197C51BC00548FF1 /* XCTest.framework */,
				5F31E3E0D09740A796EB3784 /* libPods.a */,
			);
			name = Frameworks;
			sourceTree = "<group>";
		};
		45449879197C51BC00548FF1 /* MySnaps */ = {
			isa = PBXGroup;
			children = (
				45029518198A8D7500279691 /* images */,
				45449882197C51BC00548FF1 /* AppDelegate.h */,
				45449883197C51BC00548FF1 /* AppDelegate.m */,
				45DC20151980152A004E2F88 /* AlbumCollectionViewController.h */,
				45DC20161980152A004E2F88 /* AlbumCollectionViewController.m */,
				454498B9197C628200548FF1 /* PhotoCollectionViewCell.m */,
				454498B3197C625D00548FF1 /* PhotoCollectionViewCell.h */,
				454498C1197C636600548FF1 /* PhotoDetailViewController.h */,
				454498C2197C636600548FF1 /* PhotoDetailViewController.m */,
				45029515198A618F00279691 /* PhotoCollectionViewController.h */,
				45029516198A618F00279691 /* PhotoCollectionViewController.m */,
				454498BB197C633100548FF1 /* PictureDataTransformer.h */,
				454498BC197C633100548FF1 /* PictureDataTransformer.m */,
				454498A6197C51D200548FF1 /* Storyboard.storyboard */,
				45449888197C51BC00548FF1 /* Images.xcassets */,
				454498C6197C649900548FF1 /* Your_Snaps.xcdatamodeld */,
				454498AB197C623700548FF1 /* CoreData */,
				4544987A197C51BC00548FF1 /* Supporting Files */,
			);
			name = MySnaps;
			path = "Your Snaps";
			sourceTree = "<group>";
		};
		4544987A197C51BC00548FF1 /* Supporting Files */ = {
			isa = PBXGroup;
			children = (
				4544987B197C51BC00548FF1 /* MySnaps-Info.plist */,
				4544987C197C51BC00548FF1 /* InfoPlist.strings */,
				4544987F197C51BC00548FF1 /* main.m */,
				45449881197C51BC00548FF1 /* MySnaps-Prefix.pch */,
			);
			name = "Supporting Files";
			sourceTree = "<group>";
		};
		45449896197C51BC00548FF1 /* Your SnapsTests */ = {
			isa = PBXGroup;
			children = (
				4544989C197C51BC00548FF1 /* Your_SnapsTests.m */,
				45449897197C51BC00548FF1 /* Supporting Files */,
			);
			path = "Your SnapsTests";
			sourceTree = "<group>";
		};
		45449897197C51BC00548FF1 /* Supporting Files */ = {
			isa = PBXGroup;
			children = (
				45449898197C51BC00548FF1 /* MySnapsTests-Info.plist */,
				45449899197C51BC00548FF1 /* InfoPlist.strings */,
			);
			name = "Supporting Files";
			sourceTree = "<group>";
		};
		454498AB197C623700548FF1 /* CoreData */ = {
			isa = PBXGroup;
			children = (
				454498B2197C625D00548FF1 /* CoreDataHelper.h */,
				454498B4197C626E00548FF1 /* CoreDataHelper.m */,
				45DC20261980725E004E2F88 /* Album.h */,
				45DC20271980725E004E2F88 /* Album.m */,
				45DC20231980725E004E2F88 /* Photo.h */,
				45DC20241980725E004E2F88 /* Photo.m */,
			);
			name = CoreData;
			sourceTree = "<group>";
		};
/* End PBXGroup section */

/* Begin PBXNativeTarget section */
		4544986D197C51BC00548FF1 /* MySnaps */ = {
			isa = PBXNativeTarget;
			buildConfigurationList = 454498A0197C51BC00548FF1 /* Build configuration list for PBXNativeTarget "MySnaps" */;
			buildPhases = (
				72D5E219CDB7491187FDCE90 /* Check Pods Manifest.lock */,
				4544986A197C51BC00548FF1 /* Sources */,
				4544986B197C51BC00548FF1 /* Frameworks */,
				4544986C197C51BC00548FF1 /* Resources */,
				FF19F279D2074D64B180085D /* Copy Pods Resources */,
			);
			buildRules = (
			);
			dependencies = (
			);
			name = MySnaps;
			productName = "Your Snaps";
			productReference = 4544986E197C51BC00548FF1 /* MySnaps.app */;
			productType = "com.apple.product-type.application";
		};
		4544988D197C51BC00548FF1 /* MySnapsTests */ = {
			isa = PBXNativeTarget;
			buildConfigurationList = 454498A3197C51BC00548FF1 /* Build configuration list for PBXNativeTarget "MySnapsTests" */;
			buildPhases = (
				4544988A197C51BC00548FF1 /* Sources */,
				4544988B197C51BC00548FF1 /* Frameworks */,
				4544988C197C51BC00548FF1 /* Resources */,
			);
			buildRules = (
			);
			dependencies = (
				45449895197C51BC00548FF1 /* PBXTargetDependency */,
			);
			name = MySnapsTests;
			productName = "Your SnapsTests";
			productReference = 4544988E197C51BC00548FF1 /* MySnapsTests.xctest */;
			productType = "com.apple.product-type.bundle.unit-test";
		};
/* End PBXNativeTarget section */

/* Begin PBXProject section */
		45449866197C51BC00548FF1 /* Project object */ = {
			isa = PBXProject;
			attributes = {
				LastUpgradeCheck = 0510;
				ORGANIZATIONNAME = "Hicham Chourak";
				TargetAttributes = {
					4544988D197C51BC00548FF1 = {
						TestTargetID = 4544986D197C51BC00548FF1;
					};
				};
			};
			buildConfigurationList = 45449869197C51BC00548FF1 /* Build configuration list for PBXProject "MySnaps" */;
			compatibilityVersion = "Xcode 3.2";
			developmentRegion = English;
			hasScannedForEncodings = 0;
			knownRegions = (
				en,
			);
			mainGroup = 45449865197C51BC00548FF1;
			productRefGroup = 4544986F197C51BC00548FF1 /* Products */;
			projectDirPath = "";
			projectRoot = "";
			targets = (
				4544986D197C51BC00548FF1 /* MySnaps */,
				4544988D197C51BC00548FF1 /* MySnapsTests */,
			);
		};
/* End PBXProject section */

/* Begin PBXResourcesBuildPhase section */
		4544986C197C51BC00548FF1 /* Resources */ = {
			isa = PBXResourcesBuildPhase;
			buildActionMask = 2147483647;
			files = (
				45029523198A979D00279691 /* mysnap-icon-40pt.png in Resources */,
				4544987E197C51BC00548FF1 /* InfoPlist.strings in Resources */,
				45029524198A979D00279691 /* mysnap-icon-60pt.png in Resources */,
				4502952C198AC6B600279691 /* nav_bg@2x.png in Resources */,
				45029522198A979D00279691 /* mysnap-icon-29pt.png in Resources */,
				45449889197C51BC00548FF1 /* Images.xcassets in Resources */,
				4502952F198AD75400279691 /* mysnaps-splashscreen_@2x.png in Resources */,
				45029530198AD75400279691 /* mysnaps-splashscreen_r4.png in Resources */,
				45029526198AA10000279691 /* polaroid@2x.png in Resources */,
				454498A7197C51D200548FF1 /* Storyboard.storyboard in Resources */,
			);
			runOnlyForDeploymentPostprocessing = 0;
		};
		4544988C197C51BC00548FF1 /* Resources */ = {
			isa = PBXResourcesBuildPhase;
			buildActionMask = 2147483647;
			files = (
				4544989B197C51BC00548FF1 /* InfoPlist.strings in Resources */,
			);
			runOnlyForDeploymentPostprocessing = 0;
		};
/* End PBXResourcesBuildPhase section */

/* Begin PBXShellScriptBuildPhase section */
		72D5E219CDB7491187FDCE90 /* Check Pods Manifest.lock */ = {
			isa = PBXShellScriptBuildPhase;
			buildActionMask = 2147483647;
			files = (
			);
			inputPaths = (
			);
			name = "Check Pods Manifest.lock";
			outputPaths = (
			);
			runOnlyForDeploymentPostprocessing = 0;
			shellPath = /bin/sh;
			shellScript = "diff \"${PODS_ROOT}/../Podfile.lock\" \"${PODS_ROOT}/Manifest.lock\" > /dev/null\nif [[ $? != 0 ]] ; then\n    cat << EOM\nerror: The sandbox is not in sync with the Podfile.lock. Run 'pod install' or update your CocoaPods installation.\nEOM\n    exit 1\nfi\n";
			showEnvVarsInLog = 0;
		};
		FF19F279D2074D64B180085D /* Copy Pods Resources */ = {
			isa = PBXShellScriptBuildPhase;
			buildActionMask = 2147483647;
			files = (
			);
			inputPaths = (
			);
			name = "Copy Pods Resources";
			outputPaths = (
			);
			runOnlyForDeploymentPostprocessing = 0;
			shellPath = /bin/sh;
			shellScript = "\"${SRCROOT}/Pods/Pods-resources.sh\"\n";
			showEnvVarsInLog = 0;
		};
/* End PBXShellScriptBuildPhase section */

/* Begin PBXSourcesBuildPhase section */
		4544986A197C51BC00548FF1 /* Sources */ = {
			isa = PBXSourcesBuildPhase;
			buildActionMask = 2147483647;
			files = (
				45DC20251980725E004E2F88 /* Photo.m in Sources */,
				454498BD197C633100548FF1 /* PictureDataTransformer.m in Sources */,
				45DC20281980725E004E2F88 /* Album.m in Sources */,
				454498BA197C628200548FF1 /* PhotoCollectionViewCell.m in Sources */,
				45029517198A618F00279691 /* PhotoCollectionViewController.m in Sources */,
				45449884197C51BC00548FF1 /* AppDelegate.m in Sources */,
				45449880197C51BC00548FF1 /* main.m in Sources */,
				45DC20171980152A004E2F88 /* AlbumCollectionViewController.m in Sources */,
				454498C3197C636600548FF1 /* PhotoDetailViewController.m in Sources */,
				454498C8197C649900548FF1 /* Your_Snaps.xcdatamodeld in Sources */,
				454498B5197C626E00548FF1 /* CoreDataHelper.m in Sources */,
			);
			runOnlyForDeploymentPostprocessing = 0;
		};
		4544988A197C51BC00548FF1 /* Sources */ = {
			isa = PBXSourcesBuildPhase;
			buildActionMask = 2147483647;
			files = (
				4544989D197C51BC00548FF1 /* Your_SnapsTests.m in Sources */,
			);
			runOnlyForDeploymentPostprocessing = 0;
		};
/* End PBXSourcesBuildPhase section */

/* Begin PBXTargetDependency section */
		45449895197C51BC00548FF1 /* PBXTargetDependency */ = {
			isa = PBXTargetDependency;
			target = 4544986D197C51BC00548FF1 /* MySnaps */;
			targetProxy = 45449894197C51BC00548FF1 /* PBXContainerItemProxy */;
		};
/* End PBXTargetDependency section */

/* Begin PBXVariantGroup section */
		4544987C197C51BC00548FF1 /* InfoPlist.strings */ = {
			isa = PBXVariantGroup;
			children = (
				4544987D197C51BC00548FF1 /* en */,
			);
			name = InfoPlist.strings;
			sourceTree = "<group>";
		};
		45449899197C51BC00548FF1 /* InfoPlist.strings */ = {
			isa = PBXVariantGroup;
			children = (
				4544989A197C51BC00548FF1 /* en */,
			);
			name = InfoPlist.strings;
			sourceTree = "<group>";
		};
/* End PBXVariantGroup section */

/* Begin XCBuildConfiguration section */
		4544989E197C51BC00548FF1 /* Debug */ = {
			isa = XCBuildConfiguration;
			buildSettings = {
				ALWAYS_SEARCH_USER_PATHS = NO;
				CLANG_CXX_LANGUAGE_STANDARD = "gnu++0x";
				CLANG_CXX_LIBRARY = "libc++";
				CLANG_ENABLE_MODULES = YES;
				CLANG_ENABLE_OBJC_ARC = YES;
				CLANG_WARN_BOOL_CONVERSION = YES;
				CLANG_WARN_CONSTANT_CONVERSION = YES;
				CLANG_WARN_DIRECT_OBJC_ISA_USAGE = YES_ERROR;
				CLANG_WARN_EMPTY_BODY = YES;
				CLANG_WARN_ENUM_CONVERSION = YES;
				CLANG_WARN_INT_CONVERSION = YES;
				CLANG_WARN_OBJC_ROOT_CLASS = YES_ERROR;
				CLANG_WARN__DUPLICATE_METHOD_MATCH = YES;
				"CODE_SIGN_IDENTITY[sdk=iphoneos*]" = "iPhone Developer";
				COPY_PHASE_STRIP = NO;
				GCC_C_LANGUAGE_STANDARD = gnu99;
				GCC_DYNAMIC_NO_PIC = NO;
				GCC_OPTIMIZATION_LEVEL = 0;
				GCC_PREPROCESSOR_DEFINITIONS = (
					"DEBUG=1",
					"$(inherited)",
				);
				GCC_SYMBOLS_PRIVATE_EXTERN = NO;
				GCC_WARN_64_TO_32_BIT_CONVERSION = YES;
				GCC_WARN_ABOUT_RETURN_TYPE = YES_ERROR;
				GCC_WARN_UNDECLARED_SELECTOR = YES;
				GCC_WARN_UNINITIALIZED_AUTOS = YES_AGGRESSIVE;
				GCC_WARN_UNUSED_FUNCTION = YES;
				GCC_WARN_UNUSED_VARIABLE = YES;
				IPHONEOS_DEPLOYMENT_TARGET = 7.1;
				ONLY_ACTIVE_ARCH = YES;
				SDKROOT = iphoneos;
			};
			name = Debug;
		};
		4544989F197C51BC00548FF1 /* Release */ = {
			isa = XCBuildConfiguration;
			buildSettings = {
				ALWAYS_SEARCH_USER_PATHS = NO;
				CLANG_CXX_LANGUAGE_STANDARD = "gnu++0x";
				CLANG_CXX_LIBRARY = "libc++";
				CLANG_ENABLE_MODULES = YES;
				CLANG_ENABLE_OBJC_ARC = YES;
				CLANG_WARN_BOOL_CONVERSION = YES;
				CLANG_WARN_CONSTANT_CONVERSION = YES;
				CLANG_WARN_DIRECT_OBJC_ISA_USAGE = YES_ERROR;
				CLANG_WARN_EMPTY_BODY = YES;
				CLANG_WARN_ENUM_CONVERSION = YES;
				CLANG_WARN_INT_CONVERSION = YES;
				CLANG_WARN_OBJC_ROOT_CLASS = YES_ERROR;
				CLANG_WARN__DUPLICATE_METHOD_MATCH = YES;
				"CODE_SIGN_IDENTITY[sdk=iphoneos*]" = "iPhone Developer";
				COPY_PHASE_STRIP = YES;
				ENABLE_NS_ASSERTIONS = NO;
				GCC_C_LANGUAGE_STANDARD = gnu99;
				GCC_WARN_64_TO_32_BIT_CONVERSION = YES;
				GCC_WARN_ABOUT_RETURN_TYPE = YES_ERROR;
				GCC_WARN_UNDECLARED_SELECTOR = YES;
				GCC_WARN_UNINITIALIZED_AUTOS = YES_AGGRESSIVE;
				GCC_WARN_UNUSED_FUNCTION = YES;
				GCC_WARN_UNUSED_VARIABLE = YES;
				IPHONEOS_DEPLOYMENT_TARGET = 7.1;
				SDKROOT = iphoneos;
				VALIDATE_PRODUCT = YES;
			};
			name = Release;
		};
		454498A1197C51BC00548FF1 /* Debug */ = {
			isa = XCBuildConfiguration;
			baseConfigurationReference = 9504C1E7584F4EC4A756BE8E /* Pods.xcconfig */;
			buildSettings = {
				ALWAYS_SEARCH_USER_PATHS = NO;
				ASSETCATALOG_COMPILER_APPICON_NAME = AppIcon;
				ASSETCATALOG_COMPILER_LAUNCHIMAGE_NAME = LaunchImage;
				GCC_PRECOMPILE_PREFIX_HEADER = YES;
				GCC_PREFIX_HEADER = "Your Snaps/MySnaps-Prefix.pch";
				INFOPLIST_FILE = "Your Snaps/MySnaps-Info.plist";
				PRODUCT_NAME = MySnaps;
				USER_HEADER_SEARCH_PATHS = "";
				WRAPPER_EXTENSION = app;
			};
			name = Debug;
		};
		454498A2197C51BC00548FF1 /* Release */ = {
			isa = XCBuildConfiguration;
			baseConfigurationReference = 9504C1E7584F4EC4A756BE8E /* Pods.xcconfig */;
			buildSettings = {
				ALWAYS_SEARCH_USER_PATHS = NO;
				ASSETCATALOG_COMPILER_APPICON_NAME = AppIcon;
				ASSETCATALOG_COMPILER_LAUNCHIMAGE_NAME = LaunchImage;
				GCC_PRECOMPILE_PREFIX_HEADER = YES;
				GCC_PREFIX_HEADER = "Your Snaps/MySnaps-Prefix.pch";
				INFOPLIST_FILE = "Your Snaps/MySnaps-Info.plist";
				PRODUCT_NAME = MySnaps;
				USER_HEADER_SEARCH_PATHS = "";
				WRAPPER_EXTENSION = app;
			};
			name = Release;
		};
		454498A4197C51BC00548FF1 /* Debug */ = {
			isa = XCBuildConfiguration;
			buildSettings = {
				BUNDLE_LOADER = "$(BUILT_PRODUCTS_DIR)/Your Snaps.app/Your Snaps";
				FRAMEWORK_SEARCH_PATHS = (
					"$(SDKROOT)/Developer/Library/Frameworks",
					"$(inherited)",
					"$(DEVELOPER_FRAMEWORKS_DIR)",
				);
				GCC_PRECOMPILE_PREFIX_HEADER = YES;
				GCC_PREFIX_HEADER = "Your Snaps/Your Snaps-Prefix.pch";
				GCC_PREPROCESSOR_DEFINITIONS = (
					"DEBUG=1",
					"$(inherited)",
				);
				INFOPLIST_FILE = "Your SnapsTests/MySnapsTests-Info.plist";
				PRODUCT_NAME = MySnapsTests;
				TEST_HOST = "$(BUNDLE_LOADER)";
				WRAPPER_EXTENSION = xctest;
			};
			name = Debug;
		};
		454498A5197C51BC00548FF1 /* Release */ = {
			isa = XCBuildConfiguration;
			buildSettings = {
				BUNDLE_LOADER = "$(BUILT_PRODUCTS_DIR)/Your Snaps.app/Your Snaps";
				FRAMEWORK_SEARCH_PATHS = (
					"$(SDKROOT)/Developer/Library/Frameworks",
					"$(inherited)",
					"$(DEVELOPER_FRAMEWORKS_DIR)",
				);
				GCC_PRECOMPILE_PREFIX_HEADER = YES;
				GCC_PREFIX_HEADER = "Your Snaps/Your Snaps-Prefix.pch";
				INFOPLIST_FILE = "Your SnapsTests/MySnapsTests-Info.plist";
				PRODUCT_NAME = MySnapsTests;
				TEST_HOST = "$(BUNDLE_LOADER)";
				WRAPPER_EXTENSION = xctest;
			};
			name = Release;
		};
/* End XCBuildConfiguration section */

/* Begin XCConfigurationList section */
		45449869197C51BC00548FF1 /* Build configuration list for PBXProject "MySnaps" */ = {
			isa = XCConfigurationList;
			buildConfigurations = (
				4544989E197C51BC00548FF1 /* Debug */,
				4544989F197C51BC00548FF1 /* Release */,
			);
			defaultConfigurationIsVisible = 0;
			defaultConfigurationName = Release;
		};
		454498A0197C51BC00548FF1 /* Build configuration list for PBXNativeTarget "MySnaps" */ = {
			isa = XCConfigurationList;
			buildConfigurations = (
				454498A1197C51BC00548FF1 /* Debug */,
				454498A2197C51BC00548FF1 /* Release */,
			);
			defaultConfigurationIsVisible = 0;
			defaultConfigurationName = Release;
		};
		454498A3197C51BC00548FF1 /* Build configuration list for PBXNativeTarget "MySnapsTests" */ = {
			isa = XCConfigurationList;
			buildConfigurations = (
				454498A4197C51BC00548FF1 /* Debug */,
				454498A5197C51BC00548FF1 /* Release */,
			);
			defaultConfigurationIsVisible = 0;
			defaultConfigurationName = Release;
		};
/* End XCConfigurationList section */

/* Begin XCVersionGroup section */
		454498C6197C649900548FF1 /* Your_Snaps.xcdatamodeld */ = {
			isa = XCVersionGroup;
			children = (
				454498C7197C649900548FF1 /* Your_Snaps.xcdatamodel */,
			);
			currentVersion = 454498C7197C649900548FF1 /* Your_Snaps.xcdatamodel */;
			path = Your_Snaps.xcdatamodeld;
			sourceTree = "<group>";
			versionGroupType = wrapper.xcdatamodel;
		};
/* End XCVersionGroup section */
	};
	rootObject = 45449866197C51BC00548FF1 /* Project object */;
}
